// !$*UTF8*$!
{
    archiveVersion = 1;
    classes = {
    };
    objectVersion = 46;
    objects = {

/* Begin PBXAggregateTarget section */
		6AF8000F6AF8367800000006 /* All */ = {
			isa = PBXAggregateTarget;
			buildConfigurationList = 6AF8000F6AF8367800000005 /* Build configuration list for PBXAggregateTarget "All" */;
			buildPhases = (
				
			);
			dependencies = (
				6AF8000F6AF8367800000007 /* PBXTargetDependency benchMpr */,
				6AF8000F6AF8367800000008 /* PBXTargetDependency runProgram */,
				6AF8000F6AF8367800000009 /* PBXTargetDependency testMpr */,
				6AF8000F6AF836780000000A /* PBXTargetDependency libmpr */,
				6AF8000F6AF836780000000B /* PBXTargetDependency libmprssl */,
				6AF8000F6AF836780000000C /* PBXTargetDependency manager */,
				6AF8000F6AF836780000000D /* PBXTargetDependency makerom */,
				6AF8000F6AF836780000000E /* PBXTargetDependency chargen */,
			);
			name = All;
			productName = All;
		};
		6AF8000F6AF8367800000010 /* Prep */ = {
			isa = PBXAggregateTarget;
			buildConfigurationList = 6AF8000F6AF836780000000F /* Build configuration list for PBXAggregateTarget "Prep" */;
			buildPhases = (
				6AF8000F6AF8367800000011,
			);
			dependencies = (
			);
			name = Prep;
			productName = Prep;
		};
/* End PBXAggregateTarget section */

/* Begin PBXBuildFile section */
		6AF8000F6AF8367800000012 /* benchMpr.c in Sources */ = {isa = PBXBuildFile; fileRef = 6AF8000F6AF8367800000013 /* benchMpr.c */; };
		6AF8000F6AF8367800000014 /* runProgram.c in Sources */ = {isa = PBXBuildFile; fileRef = 6AF8000F6AF8367800000015 /* runProgram.c */; };
		6AF8000F6AF8367800000016 /* testArgv.c in Sources */ = {isa = PBXBuildFile; fileRef = 6AF8000F6AF8367800000017 /* testArgv.c */; };
		6AF8000F6AF8367800000018 /* testBuf.c in Sources */ = {isa = PBXBuildFile; fileRef = 6AF8000F6AF8367800000019 /* testBuf.c */; };
		6AF8000F6AF836780000001A /* testCmd.c in Sources */ = {isa = PBXBuildFile; fileRef = 6AF8000F6AF836780000001B /* testCmd.c */; };
		6AF8000F6AF836780000001C /* testCond.c in Sources */ = {isa = PBXBuildFile; fileRef = 6AF8000F6AF836780000001D /* testCond.c */; };
		6AF8000F6AF836780000001E /* testEvent.c in Sources */ = {isa = PBXBuildFile; fileRef = 6AF8000F6AF836780000001F /* testEvent.c */; };
		6AF8000F6AF8367800000020 /* testFile.c in Sources */ = {isa = PBXBuildFile; fileRef = 6AF8000F6AF8367800000021 /* testFile.c */; };
		6AF8000F6AF8367800000022 /* testHash.c in Sources */ = {isa = PBXBuildFile; fileRef = 6AF8000F6AF8367800000023 /* testHash.c */; };
		6AF8000F6AF8367800000024 /* testList.c in Sources */ = {isa = PBXBuildFile; fileRef = 6AF8000F6AF8367800000025 /* testList.c */; };
		6AF8000F6AF8367800000026 /* testLock.c in Sources */ = {isa = PBXBuildFile; fileRef = 6AF8000F6AF8367800000027 /* testLock.c */; };
		6AF8000F6AF8367800000028 /* testMem.c in Sources */ = {isa = PBXBuildFile; fileRef = 6AF8000F6AF8367800000029 /* testMem.c */; };
		6AF8000F6AF836780000002A /* testMpr.c in Sources */ = {isa = PBXBuildFile; fileRef = 6AF8000F6AF836780000002B /* testMpr.c */; };
		6AF8000F6AF836780000002C /* testPath.c in Sources */ = {isa = PBXBuildFile; fileRef = 6AF8000F6AF836780000002D /* testPath.c */; };
		6AF8000F6AF836780000002E /* testSocket.c in Sources */ = {isa = PBXBuildFile; fileRef = 6AF8000F6AF836780000002F /* testSocket.c */; };
		6AF8000F6AF8367800000030 /* testSprintf.c in Sources */ = {isa = PBXBuildFile; fileRef = 6AF8000F6AF8367800000031 /* testSprintf.c */; };
		6AF8000F6AF8367800000032 /* testThread.c in Sources */ = {isa = PBXBuildFile; fileRef = 6AF8000F6AF8367800000033 /* testThread.c */; };
		6AF8000F6AF8367800000034 /* testTime.c in Sources */ = {isa = PBXBuildFile; fileRef = 6AF8000F6AF8367800000035 /* testTime.c */; };
		6AF8000F6AF8367800000036 /* testUnicode.c in Sources */ = {isa = PBXBuildFile; fileRef = 6AF8000F6AF8367800000037 /* testUnicode.c */; };
		6AF8000F6AF8367800000038 /* async.c in Sources */ = {isa = PBXBuildFile; fileRef = 6AF8000F6AF8367800000039 /* async.c */; };
		6AF8000F6AF836780000003A /* atomic.c in Sources */ = {isa = PBXBuildFile; fileRef = 6AF8000F6AF836780000003B /* atomic.c */; };
		6AF8000F6AF836780000003C /* buf.c in Sources */ = {isa = PBXBuildFile; fileRef = 6AF8000F6AF836780000003D /* buf.c */; };
		6AF8000F6AF836780000003E /* cache.c in Sources */ = {isa = PBXBuildFile; fileRef = 6AF8000F6AF836780000003F /* cache.c */; };
		6AF8000F6AF8367800000040 /* cmd.c in Sources */ = {isa = PBXBuildFile; fileRef = 6AF8000F6AF8367800000041 /* cmd.c */; };
		6AF8000F6AF8367800000042 /* cond.c in Sources */ = {isa = PBXBuildFile; fileRef = 6AF8000F6AF8367800000043 /* cond.c */; };
		6AF8000F6AF8367800000044 /* crypt.c in Sources */ = {isa = PBXBuildFile; fileRef = 6AF8000F6AF8367800000045 /* crypt.c */; };
		6AF8000F6AF8367800000046 /* disk.c in Sources */ = {isa = PBXBuildFile; fileRef = 6AF8000F6AF8367800000047 /* disk.c */; };
		6AF8000F6AF8367800000048 /* dispatcher.c in Sources */ = {isa = PBXBuildFile; fileRef = 6AF8000F6AF8367800000049 /* dispatcher.c */; };
		6AF8000F6AF836780000004A /* encode.c in Sources */ = {isa = PBXBuildFile; fileRef = 6AF8000F6AF836780000004B /* encode.c */; };
		6AF8000F6AF836780000004C /* epoll.c in Sources */ = {isa = PBXBuildFile; fileRef = 6AF8000F6AF836780000004D /* epoll.c */; };
		6AF8000F6AF836780000004E /* event.c in Sources */ = {isa = PBXBuildFile; fileRef = 6AF8000F6AF836780000004F /* event.c */; };
		6AF8000F6AF8367800000050 /* file.c in Sources */ = {isa = PBXBuildFile; fileRef = 6AF8000F6AF8367800000051 /* file.c */; };
		6AF8000F6AF8367800000052 /* fs.c in Sources */ = {isa = PBXBuildFile; fileRef = 6AF8000F6AF8367800000053 /* fs.c */; };
		6AF8000F6AF8367800000054 /* hash.c in Sources */ = {isa = PBXBuildFile; fileRef = 6AF8000F6AF8367800000055 /* hash.c */; };
		6AF8000F6AF8367800000056 /* json.c in Sources */ = {isa = PBXBuildFile; fileRef = 6AF8000F6AF8367800000057 /* json.c */; };
		6AF8000F6AF8367800000058 /* kqueue.c in Sources */ = {isa = PBXBuildFile; fileRef = 6AF8000F6AF8367800000059 /* kqueue.c */; };
		6AF8000F6AF836780000005A /* list.c in Sources */ = {isa = PBXBuildFile; fileRef = 6AF8000F6AF836780000005B /* list.c */; };
		6AF8000F6AF836780000005C /* lock.c in Sources */ = {isa = PBXBuildFile; fileRef = 6AF8000F6AF836780000005D /* lock.c */; };
		6AF8000F6AF836780000005E /* log.c in Sources */ = {isa = PBXBuildFile; fileRef = 6AF8000F6AF836780000005F /* log.c */; };
		6AF8000F6AF8367800000060 /* mem.c in Sources */ = {isa = PBXBuildFile; fileRef = 6AF8000F6AF8367800000061 /* mem.c */; };
		6AF8000F6AF8367800000062 /* mime.c in Sources */ = {isa = PBXBuildFile; fileRef = 6AF8000F6AF8367800000063 /* mime.c */; };
		6AF8000F6AF8367800000064 /* mixed.c in Sources */ = {isa = PBXBuildFile; fileRef = 6AF8000F6AF8367800000065 /* mixed.c */; };
		6AF8000F6AF8367800000066 /* module.c in Sources */ = {isa = PBXBuildFile; fileRef = 6AF8000F6AF8367800000067 /* module.c */; };
		6AF8000F6AF8367800000068 /* mpr.c in Sources */ = {isa = PBXBuildFile; fileRef = 6AF8000F6AF8367800000069 /* mpr.c */; };
		6AF8000F6AF836780000006A /* path.c in Sources */ = {isa = PBXBuildFile; fileRef = 6AF8000F6AF836780000006B /* path.c */; };
		6AF8000F6AF836780000006C /* poll.c in Sources */ = {isa = PBXBuildFile; fileRef = 6AF8000F6AF836780000006D /* poll.c */; };
		6AF8000F6AF836780000006E /* posix.c in Sources */ = {isa = PBXBuildFile; fileRef = 6AF8000F6AF836780000006F /* posix.c */; };
		6AF8000F6AF8367800000070 /* printf.c in Sources */ = {isa = PBXBuildFile; fileRef = 6AF8000F6AF8367800000071 /* printf.c */; };
		6AF8000F6AF8367800000072 /* rom.c in Sources */ = {isa = PBXBuildFile; fileRef = 6AF8000F6AF8367800000073 /* rom.c */; };
		6AF8000F6AF8367800000074 /* select.c in Sources */ = {isa = PBXBuildFile; fileRef = 6AF8000F6AF8367800000075 /* select.c */; };
		6AF8000F6AF8367800000076 /* signal.c in Sources */ = {isa = PBXBuildFile; fileRef = 6AF8000F6AF8367800000077 /* signal.c */; };
		6AF8000F6AF8367800000078 /* socket.c in Sources */ = {isa = PBXBuildFile; fileRef = 6AF8000F6AF8367800000079 /* socket.c */; };
		6AF8000F6AF836780000007A /* string.c in Sources */ = {isa = PBXBuildFile; fileRef = 6AF8000F6AF836780000007B /* string.c */; };
		6AF8000F6AF836780000007C /* test.c in Sources */ = {isa = PBXBuildFile; fileRef = 6AF8000F6AF836780000007D /* test.c */; };
		6AF8000F6AF836780000007E /* thread.c in Sources */ = {isa = PBXBuildFile; fileRef = 6AF8000F6AF836780000007F /* thread.c */; };
		6AF8000F6AF8367800000080 /* time.c in Sources */ = {isa = PBXBuildFile; fileRef = 6AF8000F6AF8367800000081 /* time.c */; };
		6AF8000F6AF8367800000082 /* vxworks.c in Sources */ = {isa = PBXBuildFile; fileRef = 6AF8000F6AF8367800000083 /* vxworks.c */; };
		6AF8000F6AF8367800000084 /* wait.c in Sources */ = {isa = PBXBuildFile; fileRef = 6AF8000F6AF8367800000085 /* wait.c */; };
		6AF8000F6AF8367800000086 /* wide.c in Sources */ = {isa = PBXBuildFile; fileRef = 6AF8000F6AF8367800000087 /* wide.c */; };
		6AF8000F6AF8367800000088 /* win.c in Sources */ = {isa = PBXBuildFile; fileRef = 6AF8000F6AF8367800000089 /* win.c */; };
		6AF8000F6AF836780000008A /* wince.c in Sources */ = {isa = PBXBuildFile; fileRef = 6AF8000F6AF836780000008B /* wince.c */; };
		6AF8000F6AF836780000008C /* xml.c in Sources */ = {isa = PBXBuildFile; fileRef = 6AF8000F6AF836780000008D /* xml.c */; };
		6AF8000F6AF836780000008E /* est.c in Sources */ = {isa = PBXBuildFile; fileRef = 6AF8000F6AF836780000008F /* est.c */; };
		6AF8000F6AF8367800000090 /* matrixssl.c in Sources */ = {isa = PBXBuildFile; fileRef = 6AF8000F6AF8367800000091 /* matrixssl.c */; };
		6AF8000F6AF8367800000092 /* mocana.c in Sources */ = {isa = PBXBuildFile; fileRef = 6AF8000F6AF8367800000093 /* mocana.c */; };
		6AF8000F6AF8367800000094 /* openssl.c in Sources */ = {isa = PBXBuildFile; fileRef = 6AF8000F6AF8367800000095 /* openssl.c */; };
		6AF8000F6AF8367800000096 /* ssl.c in Sources */ = {isa = PBXBuildFile; fileRef = 6AF8000F6AF8367800000097 /* ssl.c */; };
		6AF8000F6AF8367800000098 /* manager.c in Sources */ = {isa = PBXBuildFile; fileRef = 6AF8000F6AF8367800000099 /* manager.c */; };
		6AF8000F6AF836780000009A /* makerom.c in Sources */ = {isa = PBXBuildFile; fileRef = 6AF8000F6AF836780000009B /* makerom.c */; };
		6AF8000F6AF836780000009C /* charGen.c in Sources */ = {isa = PBXBuildFile; fileRef = 6AF8000F6AF836780000009D /* charGen.c */; };
		6AF8000F6AF836780000009E /* libmpr.dylib for benchMpr */ = {isa = PBXBuildFile; fileRef = 6AF8000F6AF836780000009F; };
		6AF8000F6AF83678000000A0 /* libmprssl.dylib for testMpr */ = {isa = PBXBuildFile; fileRef = 6AF8000F6AF83678000000A1; };
		6AF8000F6AF83678000000A2 /* libmpr.dylib for testMpr */ = {isa = PBXBuildFile; fileRef = 6AF8000F6AF836780000009F; };
		6AF8000F6AF83678000000A3 /* libmpr.dylib for libmprssl */ = {isa = PBXBuildFile; fileRef = 6AF8000F6AF836780000009F; };
		6AF8000F6AF83678000000A4 /* libmpr.dylib for manager */ = {isa = PBXBuildFile; fileRef = 6AF8000F6AF836780000009F; };
		6AF8000F6AF83678000000A5 /* libmpr.dylib for makerom */ = {isa = PBXBuildFile; fileRef = 6AF8000F6AF836780000009F; };
		6AF8000F6AF83678000000A6 /* libmpr.dylib for chargen */ = {isa = PBXBuildFile; fileRef = 6AF8000F6AF836780000009F; };
/* End PBXBuildFile section */

/* Begin PBXContainerItemProxy section */
		6AF8000F6AF83678000000A7 /* PBXContainerItemProxy libmpr from benchMpr */ = {
			isa = PBXContainerItemProxy;
			containerPortal = 6AF8000F6AF8367800000001 /* Project object */;
			proxyType = 1;
			remoteGlobalIDString = 6AF8000F6AF83678000000A8;
			remoteInfo = libmpr;
		};
		6AF8000F6AF83678000000A9 /* PBXContainerItemProxy Prep from benchMpr */ = {
			isa = PBXContainerItemProxy;
			containerPortal = 6AF8000F6AF8367800000001 /* Project object */;
			proxyType = 1;
			remoteGlobalIDString = 6AF8000F6AF8367800000010;
			remoteInfo = Prep;
		};
		6AF8000F6AF83678000000AA /* PBXContainerItemProxy Prep from runProgram */ = {
			isa = PBXContainerItemProxy;
			containerPortal = 6AF8000F6AF8367800000001 /* Project object */;
			proxyType = 1;
			remoteGlobalIDString = 6AF8000F6AF8367800000010;
			remoteInfo = Prep;
		};
		6AF8000F6AF83678000000AB /* PBXContainerItemProxy libmpr from testMpr */ = {
			isa = PBXContainerItemProxy;
			containerPortal = 6AF8000F6AF8367800000001 /* Project object */;
			proxyType = 1;
			remoteGlobalIDString = 6AF8000F6AF83678000000A8;
			remoteInfo = libmpr;
		};
		6AF8000F6AF83678000000AC /* PBXContainerItemProxy libmprssl from testMpr */ = {
			isa = PBXContainerItemProxy;
			containerPortal = 6AF8000F6AF8367800000001 /* Project object */;
			proxyType = 1;
			remoteGlobalIDString = 6AF8000F6AF83678000000AD;
			remoteInfo = libmprssl;
		};
		6AF8000F6AF83678000000AE /* PBXContainerItemProxy runProgram from testMpr */ = {
			isa = PBXContainerItemProxy;
			containerPortal = 6AF8000F6AF8367800000001 /* Project object */;
			proxyType = 1;
			remoteGlobalIDString = 6AF8000F6AF83678000000AF;
			remoteInfo = runProgram;
		};
		6AF8000F6AF83678000000B0 /* PBXContainerItemProxy Prep from testMpr */ = {
			isa = PBXContainerItemProxy;
			containerPortal = 6AF8000F6AF8367800000001 /* Project object */;
			proxyType = 1;
			remoteGlobalIDString = 6AF8000F6AF8367800000010;
			remoteInfo = Prep;
		};
		6AF8000F6AF83678000000B1 /* PBXContainerItemProxy Prep from libmpr */ = {
			isa = PBXContainerItemProxy;
			containerPortal = 6AF8000F6AF8367800000001 /* Project object */;
			proxyType = 1;
			remoteGlobalIDString = 6AF8000F6AF8367800000010;
			remoteInfo = Prep;
		};
		6AF8000F6AF83678000000B2 /* PBXContainerItemProxy libmpr from libmprssl */ = {
			isa = PBXContainerItemProxy;
			containerPortal = 6AF8000F6AF8367800000001 /* Project object */;
			proxyType = 1;
			remoteGlobalIDString = 6AF8000F6AF83678000000A8;
			remoteInfo = libmpr;
		};
		6AF8000F6AF83678000000B3 /* PBXContainerItemProxy Prep from libmprssl */ = {
			isa = PBXContainerItemProxy;
			containerPortal = 6AF8000F6AF8367800000001 /* Project object */;
			proxyType = 1;
			remoteGlobalIDString = 6AF8000F6AF8367800000010;
			remoteInfo = Prep;
		};
		6AF8000F6AF83678000000B4 /* PBXContainerItemProxy libmpr from manager */ = {
			isa = PBXContainerItemProxy;
			containerPortal = 6AF8000F6AF8367800000001 /* Project object */;
			proxyType = 1;
			remoteGlobalIDString = 6AF8000F6AF83678000000A8;
			remoteInfo = libmpr;
		};
		6AF8000F6AF83678000000B5 /* PBXContainerItemProxy Prep from manager */ = {
			isa = PBXContainerItemProxy;
			containerPortal = 6AF8000F6AF8367800000001 /* Project object */;
			proxyType = 1;
			remoteGlobalIDString = 6AF8000F6AF8367800000010;
			remoteInfo = Prep;
		};
		6AF8000F6AF83678000000B6 /* PBXContainerItemProxy libmpr from makerom */ = {
			isa = PBXContainerItemProxy;
			containerPortal = 6AF8000F6AF8367800000001 /* Project object */;
			proxyType = 1;
			remoteGlobalIDString = 6AF8000F6AF83678000000A8;
			remoteInfo = libmpr;
		};
		6AF8000F6AF83678000000B7 /* PBXContainerItemProxy Prep from makerom */ = {
			isa = PBXContainerItemProxy;
			containerPortal = 6AF8000F6AF8367800000001 /* Project object */;
			proxyType = 1;
			remoteGlobalIDString = 6AF8000F6AF8367800000010;
			remoteInfo = Prep;
		};
		6AF8000F6AF83678000000B8 /* PBXContainerItemProxy libmpr from chargen */ = {
			isa = PBXContainerItemProxy;
			containerPortal = 6AF8000F6AF8367800000001 /* Project object */;
			proxyType = 1;
			remoteGlobalIDString = 6AF8000F6AF83678000000A8;
			remoteInfo = libmpr;
		};
		6AF8000F6AF83678000000B9 /* PBXContainerItemProxy Prep from chargen */ = {
			isa = PBXContainerItemProxy;
			containerPortal = 6AF8000F6AF8367800000001 /* Project object */;
			proxyType = 1;
			remoteGlobalIDString = 6AF8000F6AF8367800000010;
			remoteInfo = Prep;
		};
		6AF8000F6AF83678000000BA /* PBXContainerItemProxy benchMpr from All */ = {
			isa = PBXContainerItemProxy;
			containerPortal = 6AF8000F6AF8367800000001 /* Project object */;
			proxyType = 1;
			remoteGlobalIDString = 6AF8000F6AF83678000000BB;
			remoteInfo = benchMpr;
		};
		6AF8000F6AF83678000000BC /* PBXContainerItemProxy runProgram from All */ = {
			isa = PBXContainerItemProxy;
			containerPortal = 6AF8000F6AF8367800000001 /* Project object */;
			proxyType = 1;
			remoteGlobalIDString = 6AF8000F6AF83678000000AF;
			remoteInfo = runProgram;
		};
		6AF8000F6AF83678000000BD /* PBXContainerItemProxy testMpr from All */ = {
			isa = PBXContainerItemProxy;
			containerPortal = 6AF8000F6AF8367800000001 /* Project object */;
			proxyType = 1;
			remoteGlobalIDString = 6AF8000F6AF83678000000BE;
			remoteInfo = testMpr;
		};
		6AF8000F6AF83678000000BF /* PBXContainerItemProxy libmpr from All */ = {
			isa = PBXContainerItemProxy;
			containerPortal = 6AF8000F6AF8367800000001 /* Project object */;
			proxyType = 1;
			remoteGlobalIDString = 6AF8000F6AF83678000000A8;
			remoteInfo = libmpr;
		};
		6AF8000F6AF83678000000C0 /* PBXContainerItemProxy libmprssl from All */ = {
			isa = PBXContainerItemProxy;
			containerPortal = 6AF8000F6AF8367800000001 /* Project object */;
			proxyType = 1;
			remoteGlobalIDString = 6AF8000F6AF83678000000AD;
			remoteInfo = libmprssl;
		};
		6AF8000F6AF83678000000C1 /* PBXContainerItemProxy manager from All */ = {
			isa = PBXContainerItemProxy;
			containerPortal = 6AF8000F6AF8367800000001 /* Project object */;
			proxyType = 1;
			remoteGlobalIDString = 6AF8000F6AF83678000000C2;
			remoteInfo = manager;
		};
		6AF8000F6AF83678000000C3 /* PBXContainerItemProxy makerom from All */ = {
			isa = PBXContainerItemProxy;
			containerPortal = 6AF8000F6AF8367800000001 /* Project object */;
			proxyType = 1;
			remoteGlobalIDString = 6AF8000F6AF83678000000C4;
			remoteInfo = makerom;
		};
		6AF8000F6AF83678000000C5 /* PBXContainerItemProxy chargen from All */ = {
			isa = PBXContainerItemProxy;
			containerPortal = 6AF8000F6AF8367800000001 /* Project object */;
			proxyType = 1;
			remoteGlobalIDString = 6AF8000F6AF83678000000C6;
			remoteInfo = chargen;
		};
/* End PBXContainerItemProxy section */

/* Begin PBXFileReference section */
		6AF8000F6AF8367800000013 /* benchMpr.c */ = {isa = PBXFileReference; fileEncoding = 4; lastKnownFileType = sourcecode.c.c; name = benchMpr.c; path = test/benchMpr.c; sourceTree = "<group>"; };
		6AF8000F6AF83678000000C7 /* bit.h */ = {isa = PBXFileReference; fileEncoding = 4; lastKnownFileType = sourcecode.c.h; name = bit.h; path = macosx-x64-xcode/inc/bit.h; sourceTree = "<group>"; };
		6AF8000F6AF83678000000C8 /* mpr.h */ = {isa = PBXFileReference; fileEncoding = 4; lastKnownFileType = sourcecode.c.h; name = mpr.h; path = macosx-x64-xcode/inc/mpr.h; sourceTree = "<group>"; };
		6AF8000F6AF83678000000C9 /* benchMpr */ = {isa = PBXFileReference; explicitFileType = "compiled.mach-o.executable"; includeInIndex = 0; path = benchMpr; sourceTree = BUILT_PRODUCTS_DIR; };
		6AF8000F6AF8367800000015 /* runProgram.c */ = {isa = PBXFileReference; fileEncoding = 4; lastKnownFileType = sourcecode.c.c; name = runProgram.c; path = test/runProgram.c; sourceTree = "<group>"; };
		6AF8000F6AF83678000000CA /* runProgram */ = {isa = PBXFileReference; explicitFileType = "compiled.mach-o.executable"; includeInIndex = 0; path = runProgram; sourceTree = BUILT_PRODUCTS_DIR; };
		6AF8000F6AF8367800000017 /* testArgv.c */ = {isa = PBXFileReference; fileEncoding = 4; lastKnownFileType = sourcecode.c.c; name = testArgv.c; path = test/testArgv.c; sourceTree = "<group>"; };
		6AF8000F6AF8367800000019 /* testBuf.c */ = {isa = PBXFileReference; fileEncoding = 4; lastKnownFileType = sourcecode.c.c; name = testBuf.c; path = test/testBuf.c; sourceTree = "<group>"; };
		6AF8000F6AF836780000001B /* testCmd.c */ = {isa = PBXFileReference; fileEncoding = 4; lastKnownFileType = sourcecode.c.c; name = testCmd.c; path = test/testCmd.c; sourceTree = "<group>"; };
		6AF8000F6AF836780000001D /* testCond.c */ = {isa = PBXFileReference; fileEncoding = 4; lastKnownFileType = sourcecode.c.c; name = testCond.c; path = test/testCond.c; sourceTree = "<group>"; };
		6AF8000F6AF836780000001F /* testEvent.c */ = {isa = PBXFileReference; fileEncoding = 4; lastKnownFileType = sourcecode.c.c; name = testEvent.c; path = test/testEvent.c; sourceTree = "<group>"; };
		6AF8000F6AF8367800000021 /* testFile.c */ = {isa = PBXFileReference; fileEncoding = 4; lastKnownFileType = sourcecode.c.c; name = testFile.c; path = test/testFile.c; sourceTree = "<group>"; };
		6AF8000F6AF8367800000023 /* testHash.c */ = {isa = PBXFileReference; fileEncoding = 4; lastKnownFileType = sourcecode.c.c; name = testHash.c; path = test/testHash.c; sourceTree = "<group>"; };
		6AF8000F6AF8367800000025 /* testList.c */ = {isa = PBXFileReference; fileEncoding = 4; lastKnownFileType = sourcecode.c.c; name = testList.c; path = test/testList.c; sourceTree = "<group>"; };
		6AF8000F6AF8367800000027 /* testLock.c */ = {isa = PBXFileReference; fileEncoding = 4; lastKnownFileType = sourcecode.c.c; name = testLock.c; path = test/testLock.c; sourceTree = "<group>"; };
		6AF8000F6AF8367800000029 /* testMem.c */ = {isa = PBXFileReference; fileEncoding = 4; lastKnownFileType = sourcecode.c.c; name = testMem.c; path = test/testMem.c; sourceTree = "<group>"; };
		6AF8000F6AF836780000002B /* testMpr.c */ = {isa = PBXFileReference; fileEncoding = 4; lastKnownFileType = sourcecode.c.c; name = testMpr.c; path = test/testMpr.c; sourceTree = "<group>"; };
		6AF8000F6AF836780000002D /* testPath.c */ = {isa = PBXFileReference; fileEncoding = 4; lastKnownFileType = sourcecode.c.c; name = testPath.c; path = test/testPath.c; sourceTree = "<group>"; };
		6AF8000F6AF836780000002F /* testSocket.c */ = {isa = PBXFileReference; fileEncoding = 4; lastKnownFileType = sourcecode.c.c; name = testSocket.c; path = test/testSocket.c; sourceTree = "<group>"; };
		6AF8000F6AF8367800000031 /* testSprintf.c */ = {isa = PBXFileReference; fileEncoding = 4; lastKnownFileType = sourcecode.c.c; name = testSprintf.c; path = test/testSprintf.c; sourceTree = "<group>"; };
		6AF8000F6AF8367800000033 /* testThread.c */ = {isa = PBXFileReference; fileEncoding = 4; lastKnownFileType = sourcecode.c.c; name = testThread.c; path = test/testThread.c; sourceTree = "<group>"; };
		6AF8000F6AF8367800000035 /* testTime.c */ = {isa = PBXFileReference; fileEncoding = 4; lastKnownFileType = sourcecode.c.c; name = testTime.c; path = test/testTime.c; sourceTree = "<group>"; };
		6AF8000F6AF8367800000037 /* testUnicode.c */ = {isa = PBXFileReference; fileEncoding = 4; lastKnownFileType = sourcecode.c.c; name = testUnicode.c; path = test/testUnicode.c; sourceTree = "<group>"; };
		6AF8000F6AF83678000000CB /* testMpr */ = {isa = PBXFileReference; explicitFileType = "compiled.mach-o.executable"; includeInIndex = 0; path = testMpr; sourceTree = BUILT_PRODUCTS_DIR; };
		6AF8000F6AF8367800000039 /* async.c */ = {isa = PBXFileReference; fileEncoding = 4; lastKnownFileType = sourcecode.c.c; name = async.c; path = src/async.c; sourceTree = "<group>"; };
		6AF8000F6AF836780000003B /* atomic.c */ = {isa = PBXFileReference; fileEncoding = 4; lastKnownFileType = sourcecode.c.c; name = atomic.c; path = src/atomic.c; sourceTree = "<group>"; };
		6AF8000F6AF836780000003D /* buf.c */ = {isa = PBXFileReference; fileEncoding = 4; lastKnownFileType = sourcecode.c.c; name = buf.c; path = src/buf.c; sourceTree = "<group>"; };
		6AF8000F6AF836780000003F /* cache.c */ = {isa = PBXFileReference; fileEncoding = 4; lastKnownFileType = sourcecode.c.c; name = cache.c; path = src/cache.c; sourceTree = "<group>"; };
		6AF8000F6AF8367800000041 /* cmd.c */ = {isa = PBXFileReference; fileEncoding = 4; lastKnownFileType = sourcecode.c.c; name = cmd.c; path = src/cmd.c; sourceTree = "<group>"; };
		6AF8000F6AF8367800000043 /* cond.c */ = {isa = PBXFileReference; fileEncoding = 4; lastKnownFileType = sourcecode.c.c; name = cond.c; path = src/cond.c; sourceTree = "<group>"; };
		6AF8000F6AF8367800000045 /* crypt.c */ = {isa = PBXFileReference; fileEncoding = 4; lastKnownFileType = sourcecode.c.c; name = crypt.c; path = src/crypt.c; sourceTree = "<group>"; };
		6AF8000F6AF8367800000047 /* disk.c */ = {isa = PBXFileReference; fileEncoding = 4; lastKnownFileType = sourcecode.c.c; name = disk.c; path = src/disk.c; sourceTree = "<group>"; };
		6AF8000F6AF8367800000049 /* dispatcher.c */ = {isa = PBXFileReference; fileEncoding = 4; lastKnownFileType = sourcecode.c.c; name = dispatcher.c; path = src/dispatcher.c; sourceTree = "<group>"; };
		6AF8000F6AF836780000004B /* encode.c */ = {isa = PBXFileReference; fileEncoding = 4; lastKnownFileType = sourcecode.c.c; name = encode.c; path = src/encode.c; sourceTree = "<group>"; };
		6AF8000F6AF836780000004D /* epoll.c */ = {isa = PBXFileReference; fileEncoding = 4; lastKnownFileType = sourcecode.c.c; name = epoll.c; path = src/epoll.c; sourceTree = "<group>"; };
		6AF8000F6AF836780000004F /* event.c */ = {isa = PBXFileReference; fileEncoding = 4; lastKnownFileType = sourcecode.c.c; name = event.c; path = src/event.c; sourceTree = "<group>"; };
		6AF8000F6AF8367800000051 /* file.c */ = {isa = PBXFileReference; fileEncoding = 4; lastKnownFileType = sourcecode.c.c; name = file.c; path = src/file.c; sourceTree = "<group>"; };
		6AF8000F6AF8367800000053 /* fs.c */ = {isa = PBXFileReference; fileEncoding = 4; lastKnownFileType = sourcecode.c.c; name = fs.c; path = src/fs.c; sourceTree = "<group>"; };
		6AF8000F6AF8367800000055 /* hash.c */ = {isa = PBXFileReference; fileEncoding = 4; lastKnownFileType = sourcecode.c.c; name = hash.c; path = src/hash.c; sourceTree = "<group>"; };
		6AF8000F6AF8367800000057 /* json.c */ = {isa = PBXFileReference; fileEncoding = 4; lastKnownFileType = sourcecode.c.c; name = json.c; path = src/json.c; sourceTree = "<group>"; };
		6AF8000F6AF8367800000059 /* kqueue.c */ = {isa = PBXFileReference; fileEncoding = 4; lastKnownFileType = sourcecode.c.c; name = kqueue.c; path = src/kqueue.c; sourceTree = "<group>"; };
		6AF8000F6AF836780000005B /* list.c */ = {isa = PBXFileReference; fileEncoding = 4; lastKnownFileType = sourcecode.c.c; name = list.c; path = src/list.c; sourceTree = "<group>"; };
		6AF8000F6AF836780000005D /* lock.c */ = {isa = PBXFileReference; fileEncoding = 4; lastKnownFileType = sourcecode.c.c; name = lock.c; path = src/lock.c; sourceTree = "<group>"; };
		6AF8000F6AF836780000005F /* log.c */ = {isa = PBXFileReference; fileEncoding = 4; lastKnownFileType = sourcecode.c.c; name = log.c; path = src/log.c; sourceTree = "<group>"; };
		6AF8000F6AF8367800000061 /* mem.c */ = {isa = PBXFileReference; fileEncoding = 4; lastKnownFileType = sourcecode.c.c; name = mem.c; path = src/mem.c; sourceTree = "<group>"; };
		6AF8000F6AF8367800000063 /* mime.c */ = {isa = PBXFileReference; fileEncoding = 4; lastKnownFileType = sourcecode.c.c; name = mime.c; path = src/mime.c; sourceTree = "<group>"; };
		6AF8000F6AF8367800000065 /* mixed.c */ = {isa = PBXFileReference; fileEncoding = 4; lastKnownFileType = sourcecode.c.c; name = mixed.c; path = src/mixed.c; sourceTree = "<group>"; };
		6AF8000F6AF8367800000067 /* module.c */ = {isa = PBXFileReference; fileEncoding = 4; lastKnownFileType = sourcecode.c.c; name = module.c; path = src/module.c; sourceTree = "<group>"; };
		6AF8000F6AF8367800000069 /* mpr.c */ = {isa = PBXFileReference; fileEncoding = 4; lastKnownFileType = sourcecode.c.c; name = mpr.c; path = src/mpr.c; sourceTree = "<group>"; };
		6AF8000F6AF836780000006B /* path.c */ = {isa = PBXFileReference; fileEncoding = 4; lastKnownFileType = sourcecode.c.c; name = path.c; path = src/path.c; sourceTree = "<group>"; };
		6AF8000F6AF836780000006D /* poll.c */ = {isa = PBXFileReference; fileEncoding = 4; lastKnownFileType = sourcecode.c.c; name = poll.c; path = src/poll.c; sourceTree = "<group>"; };
		6AF8000F6AF836780000006F /* posix.c */ = {isa = PBXFileReference; fileEncoding = 4; lastKnownFileType = sourcecode.c.c; name = posix.c; path = src/posix.c; sourceTree = "<group>"; };
		6AF8000F6AF8367800000071 /* printf.c */ = {isa = PBXFileReference; fileEncoding = 4; lastKnownFileType = sourcecode.c.c; name = printf.c; path = src/printf.c; sourceTree = "<group>"; };
		6AF8000F6AF8367800000073 /* rom.c */ = {isa = PBXFileReference; fileEncoding = 4; lastKnownFileType = sourcecode.c.c; name = rom.c; path = src/rom.c; sourceTree = "<group>"; };
		6AF8000F6AF8367800000075 /* select.c */ = {isa = PBXFileReference; fileEncoding = 4; lastKnownFileType = sourcecode.c.c; name = select.c; path = src/select.c; sourceTree = "<group>"; };
		6AF8000F6AF8367800000077 /* signal.c */ = {isa = PBXFileReference; fileEncoding = 4; lastKnownFileType = sourcecode.c.c; name = signal.c; path = src/signal.c; sourceTree = "<group>"; };
		6AF8000F6AF8367800000079 /* socket.c */ = {isa = PBXFileReference; fileEncoding = 4; lastKnownFileType = sourcecode.c.c; name = socket.c; path = src/socket.c; sourceTree = "<group>"; };
		6AF8000F6AF836780000007B /* string.c */ = {isa = PBXFileReference; fileEncoding = 4; lastKnownFileType = sourcecode.c.c; name = string.c; path = src/string.c; sourceTree = "<group>"; };
		6AF8000F6AF836780000007D /* test.c */ = {isa = PBXFileReference; fileEncoding = 4; lastKnownFileType = sourcecode.c.c; name = test.c; path = src/test.c; sourceTree = "<group>"; };
		6AF8000F6AF836780000007F /* thread.c */ = {isa = PBXFileReference; fileEncoding = 4; lastKnownFileType = sourcecode.c.c; name = thread.c; path = src/thread.c; sourceTree = "<group>"; };
		6AF8000F6AF8367800000081 /* time.c */ = {isa = PBXFileReference; fileEncoding = 4; lastKnownFileType = sourcecode.c.c; name = time.c; path = src/time.c; sourceTree = "<group>"; };
		6AF8000F6AF8367800000083 /* vxworks.c */ = {isa = PBXFileReference; fileEncoding = 4; lastKnownFileType = sourcecode.c.c; name = vxworks.c; path = src/vxworks.c; sourceTree = "<group>"; };
		6AF8000F6AF8367800000085 /* wait.c */ = {isa = PBXFileReference; fileEncoding = 4; lastKnownFileType = sourcecode.c.c; name = wait.c; path = src/wait.c; sourceTree = "<group>"; };
		6AF8000F6AF8367800000087 /* wide.c */ = {isa = PBXFileReference; fileEncoding = 4; lastKnownFileType = sourcecode.c.c; name = wide.c; path = src/wide.c; sourceTree = "<group>"; };
		6AF8000F6AF8367800000089 /* win.c */ = {isa = PBXFileReference; fileEncoding = 4; lastKnownFileType = sourcecode.c.c; name = win.c; path = src/win.c; sourceTree = "<group>"; };
		6AF8000F6AF836780000008B /* wince.c */ = {isa = PBXFileReference; fileEncoding = 4; lastKnownFileType = sourcecode.c.c; name = wince.c; path = src/wince.c; sourceTree = "<group>"; };
		6AF8000F6AF836780000008D /* xml.c */ = {isa = PBXFileReference; fileEncoding = 4; lastKnownFileType = sourcecode.c.c; name = xml.c; path = src/xml.c; sourceTree = "<group>"; };
		6AF8000F6AF836780000009F /* libmpr */ = {isa = PBXFileReference; explicitFileType = "compiled.mach-o.dylib"; includeInIndex = 0; path = libmpr.dylib; sourceTree = BUILT_PRODUCTS_DIR; };
		6AF8000F6AF836780000008F /* est.c */ = {isa = PBXFileReference; fileEncoding = 4; lastKnownFileType = sourcecode.c.c; name = est.c; path = src/ssl/est.c; sourceTree = "<group>"; };
		6AF8000F6AF83678000000CC /* est.h */ = {isa = PBXFileReference; fileEncoding = 4; lastKnownFileType = sourcecode.c.h; name = est.h; path = macosx-x64-xcode/inc/est.h; sourceTree = "<group>"; };
		6AF8000F6AF8367800000091 /* matrixssl.c */ = {isa = PBXFileReference; fileEncoding = 4; lastKnownFileType = sourcecode.c.c; name = matrixssl.c; path = src/ssl/matrixssl.c; sourceTree = "<group>"; };
		6AF8000F6AF8367800000093 /* mocana.c */ = {isa = PBXFileReference; fileEncoding = 4; lastKnownFileType = sourcecode.c.c; name = mocana.c; path = src/ssl/mocana.c; sourceTree = "<group>"; };
		6AF8000F6AF8367800000095 /* openssl.c */ = {isa = PBXFileReference; fileEncoding = 4; lastKnownFileType = sourcecode.c.c; name = openssl.c; path = src/ssl/openssl.c; sourceTree = "<group>"; };
		6AF8000F6AF8367800000097 /* ssl.c */ = {isa = PBXFileReference; fileEncoding = 4; lastKnownFileType = sourcecode.c.c; name = ssl.c; path = src/ssl/ssl.c; sourceTree = "<group>"; };
		6AF8000F6AF83678000000A1 /* libmprssl */ = {isa = PBXFileReference; explicitFileType = "compiled.mach-o.dylib"; includeInIndex = 0; path = libmprssl.dylib; sourceTree = BUILT_PRODUCTS_DIR; };
		6AF8000F6AF8367800000099 /* manager.c */ = {isa = PBXFileReference; fileEncoding = 4; lastKnownFileType = sourcecode.c.c; name = manager.c; path = src/manager.c; sourceTree = "<group>"; };
		6AF8000F6AF83678000000CD /* manager */ = {isa = PBXFileReference; explicitFileType = "compiled.mach-o.executable"; includeInIndex = 0; path = manager; sourceTree = BUILT_PRODUCTS_DIR; };
		6AF8000F6AF836780000009B /* makerom.c */ = {isa = PBXFileReference; fileEncoding = 4; lastKnownFileType = sourcecode.c.c; name = makerom.c; path = src/utils/makerom.c; sourceTree = "<group>"; };
		6AF8000F6AF83678000000CE /* makerom */ = {isa = PBXFileReference; explicitFileType = "compiled.mach-o.executable"; includeInIndex = 0; path = makerom; sourceTree = BUILT_PRODUCTS_DIR; };
		6AF8000F6AF836780000009D /* charGen.c */ = {isa = PBXFileReference; fileEncoding = 4; lastKnownFileType = sourcecode.c.c; name = charGen.c; path = src/utils/charGen.c; sourceTree = "<group>"; };
		6AF8000F6AF83678000000CF /* chargen */ = {isa = PBXFileReference; explicitFileType = "compiled.mach-o.executable"; includeInIndex = 0; path = chargen; sourceTree = BUILT_PRODUCTS_DIR; };
/* End PBXFileReference section */

/* Begin PBXFrameworksBuildPhase section */
		6AF8000F6AF83678000000D0 /* Frameworks and Libraries for benchMpr */ = {
            isa = PBXFrameworksBuildPhase;
            buildActionMask = 2147483647;
            files = (
				6AF8000F6AF836780000009E /* libmpr */,				
            );
            runOnlyForDeploymentPostprocessing = 0;
        };
		6AF8000F6AF83678000000D1 /* Frameworks and Libraries for runProgram */ = {
            isa = PBXFrameworksBuildPhase;
            buildActionMask = 2147483647;
            files = (
				
            );
            runOnlyForDeploymentPostprocessing = 0;
        };
		6AF8000F6AF83678000000D2 /* Frameworks and Libraries for testMpr */ = {
            isa = PBXFrameworksBuildPhase;
            buildActionMask = 2147483647;
            files = (
				6AF8000F6AF83678000000A0 /* libmprssl */,
				6AF8000F6AF83678000000A2 /* libmpr */,				
            );
            runOnlyForDeploymentPostprocessing = 0;
        };
		6AF8000F6AF83678000000D3 /* Frameworks and Libraries for libmpr */ = {
            isa = PBXFrameworksBuildPhase;
            buildActionMask = 2147483647;
            files = (
				
            );
            runOnlyForDeploymentPostprocessing = 0;
        };
		6AF8000F6AF83678000000D4 /* Frameworks and Libraries for libmprssl */ = {
            isa = PBXFrameworksBuildPhase;
            buildActionMask = 2147483647;
            files = (
				6AF8000F6AF83678000000A3 /* libmpr */,				
            );
            runOnlyForDeploymentPostprocessing = 0;
        };
		6AF8000F6AF83678000000D5 /* Frameworks and Libraries for manager */ = {
            isa = PBXFrameworksBuildPhase;
            buildActionMask = 2147483647;
            files = (
				6AF8000F6AF83678000000A4 /* libmpr */,				
            );
            runOnlyForDeploymentPostprocessing = 0;
        };
		6AF8000F6AF83678000000D6 /* Frameworks and Libraries for makerom */ = {
            isa = PBXFrameworksBuildPhase;
            buildActionMask = 2147483647;
            files = (
				6AF8000F6AF83678000000A5 /* libmpr */,				
            );
            runOnlyForDeploymentPostprocessing = 0;
        };
		6AF8000F6AF83678000000D7 /* Frameworks and Libraries for chargen */ = {
            isa = PBXFrameworksBuildPhase;
            buildActionMask = 2147483647;
            files = (
				6AF8000F6AF83678000000A6 /* libmpr */,				
            );
            runOnlyForDeploymentPostprocessing = 0;
        };
/* End PBXFrameworksBuildPhase section */

/* Begin PBXGroup section */
		6AF8000F6AF83678000000D8 /* Top Group */ = {
            isa = PBXGroup;
            children = (
				6AF8000F6AF83678000000D9 /* libmpr */,
				6AF8000F6AF83678000000DA /* libmprssl */,
				6AF8000F6AF83678000000DB /* benchMpr */,
				6AF8000F6AF83678000000DC /* chargen */,
				6AF8000F6AF83678000000DD /* makerom */,
				6AF8000F6AF83678000000DE /* manager */,
				6AF8000F6AF83678000000DF /* runProgram */,
				6AF8000F6AF83678000000E0 /* testMpr */,
				6AF8000F6AF83678000000E1 /* Products */,
			);
            sourceTree = "<group>";
        };
		6AF8000F6AF83678000000DB /* benchMpr */ = {
            isa = PBXGroup;
            children = (
				6AF8000F6AF83678000000C7 /* bit.h */,
				6AF8000F6AF83678000000C8 /* mpr.h */,
				6AF8000F6AF8367800000013 /* benchMpr.c */,
			);
            name = "benchMpr";
            path = ..;
            sourceTree = SOURCE_ROOT;
        };
		6AF8000F6AF83678000000DF /* runProgram */ = {
            isa = PBXGroup;
            children = (
				6AF8000F6AF83678000000C7 /* bit.h */,
				6AF8000F6AF8367800000015 /* runProgram.c */,
			);
            name = "runProgram";
            path = ..;
            sourceTree = SOURCE_ROOT;
        };
		6AF8000F6AF83678000000E0 /* testMpr */ = {
            isa = PBXGroup;
            children = (
				6AF8000F6AF83678000000C7 /* bit.h */,
				6AF8000F6AF83678000000C8 /* mpr.h */,
				6AF8000F6AF8367800000017 /* testArgv.c */,
				6AF8000F6AF8367800000019 /* testBuf.c */,
				6AF8000F6AF836780000001B /* testCmd.c */,
				6AF8000F6AF836780000001D /* testCond.c */,
				6AF8000F6AF836780000001F /* testEvent.c */,
				6AF8000F6AF8367800000021 /* testFile.c */,
				6AF8000F6AF8367800000023 /* testHash.c */,
				6AF8000F6AF8367800000025 /* testList.c */,
				6AF8000F6AF8367800000027 /* testLock.c */,
				6AF8000F6AF8367800000029 /* testMem.c */,
				6AF8000F6AF836780000002B /* testMpr.c */,
				6AF8000F6AF836780000002D /* testPath.c */,
				6AF8000F6AF836780000002F /* testSocket.c */,
				6AF8000F6AF8367800000031 /* testSprintf.c */,
				6AF8000F6AF8367800000033 /* testThread.c */,
				6AF8000F6AF8367800000035 /* testTime.c */,
				6AF8000F6AF8367800000037 /* testUnicode.c */,
			);
            name = "testMpr";
            path = ..;
            sourceTree = SOURCE_ROOT;
        };
		6AF8000F6AF83678000000D9 /* libmpr */ = {
            isa = PBXGroup;
            children = (
				6AF8000F6AF83678000000C7 /* bit.h */,
				6AF8000F6AF83678000000C8 /* mpr.h */,
				6AF8000F6AF8367800000039 /* async.c */,
				6AF8000F6AF836780000003B /* atomic.c */,
				6AF8000F6AF836780000003D /* buf.c */,
				6AF8000F6AF836780000003F /* cache.c */,
				6AF8000F6AF8367800000041 /* cmd.c */,
				6AF8000F6AF8367800000043 /* cond.c */,
				6AF8000F6AF8367800000045 /* crypt.c */,
				6AF8000F6AF8367800000047 /* disk.c */,
				6AF8000F6AF8367800000049 /* dispatcher.c */,
				6AF8000F6AF836780000004B /* encode.c */,
				6AF8000F6AF836780000004D /* epoll.c */,
				6AF8000F6AF836780000004F /* event.c */,
				6AF8000F6AF8367800000051 /* file.c */,
				6AF8000F6AF8367800000053 /* fs.c */,
				6AF8000F6AF8367800000055 /* hash.c */,
				6AF8000F6AF8367800000057 /* json.c */,
				6AF8000F6AF8367800000059 /* kqueue.c */,
				6AF8000F6AF836780000005B /* list.c */,
				6AF8000F6AF836780000005D /* lock.c */,
				6AF8000F6AF836780000005F /* log.c */,
				6AF8000F6AF8367800000061 /* mem.c */,
				6AF8000F6AF8367800000063 /* mime.c */,
				6AF8000F6AF8367800000065 /* mixed.c */,
				6AF8000F6AF8367800000067 /* module.c */,
				6AF8000F6AF8367800000069 /* mpr.c */,
				6AF8000F6AF836780000006B /* path.c */,
				6AF8000F6AF836780000006D /* poll.c */,
				6AF8000F6AF836780000006F /* posix.c */,
				6AF8000F6AF8367800000071 /* printf.c */,
				6AF8000F6AF8367800000073 /* rom.c */,
				6AF8000F6AF8367800000075 /* select.c */,
				6AF8000F6AF8367800000077 /* signal.c */,
				6AF8000F6AF8367800000079 /* socket.c */,
				6AF8000F6AF836780000007B /* string.c */,
				6AF8000F6AF836780000007D /* test.c */,
				6AF8000F6AF836780000007F /* thread.c */,
				6AF8000F6AF8367800000081 /* time.c */,
				6AF8000F6AF8367800000083 /* vxworks.c */,
				6AF8000F6AF8367800000085 /* wait.c */,
				6AF8000F6AF8367800000087 /* wide.c */,
				6AF8000F6AF8367800000089 /* win.c */,
				6AF8000F6AF836780000008B /* wince.c */,
				6AF8000F6AF836780000008D /* xml.c */,
			);
            name = "libmpr";
            path = ..;
            sourceTree = SOURCE_ROOT;
        };
		6AF8000F6AF83678000000DA /* libmprssl */ = {
            isa = PBXGroup;
            children = (
				6AF8000F6AF83678000000C7 /* bit.h */,
				6AF8000F6AF83678000000C8 /* mpr.h */,
				6AF8000F6AF83678000000CC /* est.h */,
				6AF8000F6AF836780000008F /* est.c */,
				6AF8000F6AF8367800000091 /* matrixssl.c */,
				6AF8000F6AF8367800000093 /* mocana.c */,
				6AF8000F6AF8367800000095 /* openssl.c */,
				6AF8000F6AF8367800000097 /* ssl.c */,
			);
            name = "libmprssl";
            path = ..;
            sourceTree = SOURCE_ROOT;
        };
		6AF8000F6AF83678000000DE /* manager */ = {
            isa = PBXGroup;
            children = (
				6AF8000F6AF83678000000C7 /* bit.h */,
				6AF8000F6AF83678000000C8 /* mpr.h */,
				6AF8000F6AF8367800000099 /* manager.c */,
			);
            name = "manager";
            path = ..;
            sourceTree = SOURCE_ROOT;
        };
		6AF8000F6AF83678000000DD /* makerom */ = {
            isa = PBXGroup;
            children = (
				6AF8000F6AF83678000000C7 /* bit.h */,
				6AF8000F6AF83678000000C8 /* mpr.h */,
				6AF8000F6AF836780000009B /* makerom.c */,
			);
            name = "makerom";
            path = ..;
            sourceTree = SOURCE_ROOT;
        };
		6AF8000F6AF83678000000DC /* chargen */ = {
            isa = PBXGroup;
            children = (
				6AF8000F6AF83678000000C7 /* bit.h */,
				6AF8000F6AF83678000000C8 /* mpr.h */,
				6AF8000F6AF836780000009D /* charGen.c */,
			);
            name = "chargen";
            path = ..;
            sourceTree = SOURCE_ROOT;
        };
		6AF8000F6AF83678000000E1 /* Products */ = {
            isa = PBXGroup;
            children = (
				6AF8000F6AF83678000000C9 /* benchMpr */,
				6AF8000F6AF83678000000CA /* runProgram */,
				6AF8000F6AF83678000000CB /* testMpr */,
				6AF8000F6AF836780000009F /* libmpr */,
				6AF8000F6AF83678000000A1 /* libmprssl */,
				6AF8000F6AF83678000000CD /* manager */,
				6AF8000F6AF83678000000CE /* makerom */,
				6AF8000F6AF83678000000CF /* chargen */,
			);
            name = "Products";
            path = ..;
            sourceTree = SOURCE_ROOT;
        };
/* End PBXGroup section */

/* Begin PBXNativeTarget section */
		6AF8000F6AF83678000000BB /* benchMpr */ = {
			isa = PBXNativeTarget;
			buildConfigurationList = 6AF8000F6AF83678000000E3 /* Build configuration list for PBXNativeTarget "benchMpr" */;
			buildPhases = (
				6AF8000F6AF83678000000E2 /* Sources */,
				6AF8000F6AF83678000000D0 /* Frameworks */,
			);
			buildRules = (
			);
			dependencies = (
				6AF8000F6AF83678000000E4 /* libmpr */,
				6AF8000F6AF83678000000E5 /* Prep */,				
			);
			name = benchMpr;
			productName = mpr;
			productReference = 6AF8000F6AF83678000000C9 /* benchMpr */;
			productType = "com.apple.product-type.tool";
		};
		6AF8000F6AF83678000000AF /* runProgram */ = {
			isa = PBXNativeTarget;
			buildConfigurationList = 6AF8000F6AF83678000000E7 /* Build configuration list for PBXNativeTarget "runProgram" */;
			buildPhases = (
				6AF8000F6AF83678000000E6 /* Sources */,
				6AF8000F6AF83678000000D1 /* Frameworks */,
			);
			buildRules = (
			);
			dependencies = (
				6AF8000F6AF83678000000E8 /* Prep */,				
			);
			name = runProgram;
			productName = mpr;
			productReference = 6AF8000F6AF83678000000CA /* runProgram */;
			productType = "com.apple.product-type.tool";
		};
		6AF8000F6AF83678000000BE /* testMpr */ = {
			isa = PBXNativeTarget;
			buildConfigurationList = 6AF8000F6AF83678000000EA /* Build configuration list for PBXNativeTarget "testMpr" */;
			buildPhases = (
				6AF8000F6AF83678000000E9 /* Sources */,
				6AF8000F6AF83678000000D2 /* Frameworks */,
			);
			buildRules = (
			);
			dependencies = (
				6AF8000F6AF83678000000EB /* libmpr */,
				6AF8000F6AF83678000000EC /* libmprssl */,
				6AF8000F6AF83678000000ED /* runProgram */,
				6AF8000F6AF83678000000EE /* Prep */,				
			);
			name = testMpr;
			productName = mpr;
			productReference = 6AF8000F6AF83678000000CB /* testMpr */;
			productType = "com.apple.product-type.tool";
		};
		6AF8000F6AF83678000000A8 /* libmpr */ = {
			isa = PBXNativeTarget;
			buildConfigurationList = 6AF8000F6AF83678000000F0 /* Build configuration list for PBXNativeTarget "libmpr" */;
			buildPhases = (
				6AF8000F6AF83678000000EF /* Sources */,
				6AF8000F6AF83678000000D3 /* Frameworks */,
			);
			buildRules = (
			);
			dependencies = (
				6AF8000F6AF83678000000F1 /* Prep */,				
			);
			name = libmpr;
			productName = mpr;
			productReference = 6AF8000F6AF836780000009F /* libmpr */;
			productType = "com.apple.product-type.library.dynamic";
		};
		6AF8000F6AF83678000000AD /* libmprssl */ = {
			isa = PBXNativeTarget;
			buildConfigurationList = 6AF8000F6AF83678000000F3 /* Build configuration list for PBXNativeTarget "libmprssl" */;
			buildPhases = (
				6AF8000F6AF83678000000F2 /* Sources */,
				6AF8000F6AF83678000000D4 /* Frameworks */,
			);
			buildRules = (
			);
			dependencies = (
				6AF8000F6AF83678000000F4 /* libmpr */,
				6AF8000F6AF83678000000F5 /* Prep */,				
			);
			name = libmprssl;
			productName = mpr;
			productReference = 6AF8000F6AF83678000000A1 /* libmprssl */;
			productType = "com.apple.product-type.library.dynamic";
		};
		6AF8000F6AF83678000000C2 /* manager */ = {
			isa = PBXNativeTarget;
			buildConfigurationList = 6AF8000F6AF83678000000F7 /* Build configuration list for PBXNativeTarget "manager" */;
			buildPhases = (
				6AF8000F6AF83678000000F6 /* Sources */,
				6AF8000F6AF83678000000D5 /* Frameworks */,
			);
			buildRules = (
			);
			dependencies = (
				6AF8000F6AF83678000000F8 /* libmpr */,
				6AF8000F6AF83678000000F9 /* Prep */,				
			);
			name = manager;
			productName = mpr;
			productReference = 6AF8000F6AF83678000000CD /* manager */;
			productType = "com.apple.product-type.tool";
		};
		6AF8000F6AF83678000000C4 /* makerom */ = {
			isa = PBXNativeTarget;
			buildConfigurationList = 6AF8000F6AF83678000000FB /* Build configuration list for PBXNativeTarget "makerom" */;
			buildPhases = (
				6AF8000F6AF83678000000FA /* Sources */,
				6AF8000F6AF83678000000D6 /* Frameworks */,
			);
			buildRules = (
			);
			dependencies = (
				6AF8000F6AF83678000000FC /* libmpr */,
				6AF8000F6AF83678000000FD /* Prep */,				
			);
			name = makerom;
			productName = mpr;
			productReference = 6AF8000F6AF83678000000CE /* makerom */;
			productType = "com.apple.product-type.tool";
		};
		6AF8000F6AF83678000000C6 /* chargen */ = {
			isa = PBXNativeTarget;
			buildConfigurationList = 6AF8000F6AF83678000000FF /* Build configuration list for PBXNativeTarget "chargen" */;
			buildPhases = (
				6AF8000F6AF83678000000FE /* Sources */,
				6AF8000F6AF83678000000D7 /* Frameworks */,
			);
			buildRules = (
			);
			dependencies = (
				6AF8000F6AF8367800000100 /* libmpr */,
				6AF8000F6AF8367800000101 /* Prep */,				
			);
			name = chargen;
			productName = mpr;
			productReference = 6AF8000F6AF83678000000CF /* chargen */;
			productType = "com.apple.product-type.tool";
		};
/* End PBXNativeTarget section */

/* Begin PBXShellScriptBuildPhase section */
		6AF8000F6AF8367800000011 /* ShellScript for Prep */ = {
			isa = PBXShellScriptBuildPhase;
			buildActionMask = 2147483647;
			files = (
			);
			inputPaths = (

			);
			outputPaths = (

			);
			runOnlyForDeploymentPostprocessing = 0;
			shellPath = /bin/bash;
			shellScript = "PATH=$PATH:/usr/local/bin
[ ! -x ${INC_DIR} ] && mkdir -p ${INC_DIR} ${OBJ_DIR} ${LIB_DIR} ${BIN_DIR}
[ ! -f ${INC_DIR}/bit.h ] && cp mpr-macosx-xcode-bit.h ${INC_DIR}/bit.h
[ ! -f ${INC_DIR}/bitos.h ] && cp src/bitos.h ${INC_DIR}/bitos.h
if ! diff ${INC_DIR}/bit.h mpr-macosx-xcode-bit.h >/dev/null ; then
cp mpr-macosx-xcode-bit.h ${INC_DIR}/bit.h
fi
if [ ../src/deps/est/est.h -nt ${CFG_DIR}/inc/est.h ] ; then
cp ../src/deps/est/est.h ${CFG_DIR}/inc/est.h
fi
if [ ../src/bitos.h -nt ${CFG_DIR}/inc/bitos.h ] ; then
cp ../src/bitos.h ${CFG_DIR}/inc/bitos.h
fi
if [ ../src/mpr.h -nt ${CFG_DIR}/inc/mpr.h ] ; then
cp ../src/mpr.h ${CFG_DIR}/inc/mpr.h
fi";
		};
/* End PBXShellScriptBuildPhase section */

/* Begin PBXProject section */
		6AF8000F6AF8367800000001 /* Project object */ = {
			isa = PBXProject;
			attributes = {
				LastUpgradeCheck = 0430;
				ORGANIZATIONNAME = "Embedthis";
			};
			buildConfigurationList = 6AF8000F6AF8367800000002 /* Build configuration list for PBXProject "mpr" */;
			compatibilityVersion = "Xcode 3.2";
			developmentRegion = English;
			hasScannedForEncodings = 0;
			knownRegions = (
				en,
			);
			mainGroup = 6AF8000F6AF83678000000D8;
			productRefGroup = 6AF8000F6AF83678000000E1 /* Products */;
			projectDirPath = "";
			projectRoot = "";
			targets = (
				6AF8000F6AF8367800000006 /* All */,
				6AF8000F6AF8367800000010 /* Prep */,
				6AF8000F6AF83678000000A8 /* libmpr */,
				6AF8000F6AF83678000000AD /* libmprssl */,
				6AF8000F6AF83678000000BB /* benchMpr */,
				6AF8000F6AF83678000000C6 /* chargen */,
				6AF8000F6AF83678000000C4 /* makerom */,
				6AF8000F6AF83678000000C2 /* manager */,
				6AF8000F6AF83678000000AF /* runProgram */,
				6AF8000F6AF83678000000BE /* testMpr */,
			);
		};
/* End PBXProject section */

/* Begin PBXSourcesBuildPhase section */
		6AF8000F6AF83678000000E2 /* benchMpr Sources */ = {
			isa = PBXSourcesBuildPhase;
			buildActionMask = 2147483647;
			files = (
				6AF8000F6AF8367800000012 /* benchMpr.c in Sources */,
			);
			runOnlyForDeploymentPostprocessing = 0;
		};
		6AF8000F6AF83678000000E6 /* runProgram Sources */ = {
			isa = PBXSourcesBuildPhase;
			buildActionMask = 2147483647;
			files = (
				6AF8000F6AF8367800000014 /* runProgram.c in Sources */,
			);
			runOnlyForDeploymentPostprocessing = 0;
		};
		6AF8000F6AF83678000000E9 /* testMpr Sources */ = {
			isa = PBXSourcesBuildPhase;
			buildActionMask = 2147483647;
			files = (
				6AF8000F6AF8367800000016 /* testArgv.c in Sources */,
				6AF8000F6AF8367800000018 /* testBuf.c in Sources */,
				6AF8000F6AF836780000001A /* testCmd.c in Sources */,
				6AF8000F6AF836780000001C /* testCond.c in Sources */,
				6AF8000F6AF836780000001E /* testEvent.c in Sources */,
				6AF8000F6AF8367800000020 /* testFile.c in Sources */,
				6AF8000F6AF8367800000022 /* testHash.c in Sources */,
				6AF8000F6AF8367800000024 /* testList.c in Sources */,
				6AF8000F6AF8367800000026 /* testLock.c in Sources */,
				6AF8000F6AF8367800000028 /* testMem.c in Sources */,
				6AF8000F6AF836780000002A /* testMpr.c in Sources */,
				6AF8000F6AF836780000002C /* testPath.c in Sources */,
				6AF8000F6AF836780000002E /* testSocket.c in Sources */,
				6AF8000F6AF8367800000030 /* testSprintf.c in Sources */,
				6AF8000F6AF8367800000032 /* testThread.c in Sources */,
				6AF8000F6AF8367800000034 /* testTime.c in Sources */,
				6AF8000F6AF8367800000036 /* testUnicode.c in Sources */,
			);
			runOnlyForDeploymentPostprocessing = 0;
		};
		6AF8000F6AF83678000000EF /* libmpr Sources */ = {
			isa = PBXSourcesBuildPhase;
			buildActionMask = 2147483647;
			files = (
				6AF8000F6AF8367800000038 /* async.c in Sources */,
				6AF8000F6AF836780000003A /* atomic.c in Sources */,
				6AF8000F6AF836780000003C /* buf.c in Sources */,
				6AF8000F6AF836780000003E /* cache.c in Sources */,
				6AF8000F6AF8367800000040 /* cmd.c in Sources */,
				6AF8000F6AF8367800000042 /* cond.c in Sources */,
				6AF8000F6AF8367800000044 /* crypt.c in Sources */,
				6AF8000F6AF8367800000046 /* disk.c in Sources */,
				6AF8000F6AF8367800000048 /* dispatcher.c in Sources */,
				6AF8000F6AF836780000004A /* encode.c in Sources */,
				6AF8000F6AF836780000004C /* epoll.c in Sources */,
				6AF8000F6AF836780000004E /* event.c in Sources */,
				6AF8000F6AF8367800000050 /* file.c in Sources */,
				6AF8000F6AF8367800000052 /* fs.c in Sources */,
				6AF8000F6AF8367800000054 /* hash.c in Sources */,
				6AF8000F6AF8367800000056 /* json.c in Sources */,
				6AF8000F6AF8367800000058 /* kqueue.c in Sources */,
				6AF8000F6AF836780000005A /* list.c in Sources */,
				6AF8000F6AF836780000005C /* lock.c in Sources */,
				6AF8000F6AF836780000005E /* log.c in Sources */,
				6AF8000F6AF8367800000060 /* mem.c in Sources */,
				6AF8000F6AF8367800000062 /* mime.c in Sources */,
				6AF8000F6AF8367800000064 /* mixed.c in Sources */,
				6AF8000F6AF8367800000066 /* module.c in Sources */,
				6AF8000F6AF8367800000068 /* mpr.c in Sources */,
				6AF8000F6AF836780000006A /* path.c in Sources */,
				6AF8000F6AF836780000006C /* poll.c in Sources */,
				6AF8000F6AF836780000006E /* posix.c in Sources */,
				6AF8000F6AF8367800000070 /* printf.c in Sources */,
				6AF8000F6AF8367800000072 /* rom.c in Sources */,
				6AF8000F6AF8367800000074 /* select.c in Sources */,
				6AF8000F6AF8367800000076 /* signal.c in Sources */,
				6AF8000F6AF8367800000078 /* socket.c in Sources */,
				6AF8000F6AF836780000007A /* string.c in Sources */,
				6AF8000F6AF836780000007C /* test.c in Sources */,
				6AF8000F6AF836780000007E /* thread.c in Sources */,
				6AF8000F6AF8367800000080 /* time.c in Sources */,
				6AF8000F6AF8367800000082 /* vxworks.c in Sources */,
				6AF8000F6AF8367800000084 /* wait.c in Sources */,
				6AF8000F6AF8367800000086 /* wide.c in Sources */,
				6AF8000F6AF8367800000088 /* win.c in Sources */,
				6AF8000F6AF836780000008A /* wince.c in Sources */,
				6AF8000F6AF836780000008C /* xml.c in Sources */,
			);
			runOnlyForDeploymentPostprocessing = 0;
		};
		6AF8000F6AF83678000000F2 /* libmprssl Sources */ = {
			isa = PBXSourcesBuildPhase;
			buildActionMask = 2147483647;
			files = (
				6AF8000F6AF836780000008E /* est.c in Sources */,
				6AF8000F6AF8367800000090 /* matrixssl.c in Sources */,
				6AF8000F6AF8367800000092 /* mocana.c in Sources */,
				6AF8000F6AF8367800000094 /* openssl.c in Sources */,
				6AF8000F6AF8367800000096 /* ssl.c in Sources */,
			);
			runOnlyForDeploymentPostprocessing = 0;
		};
		6AF8000F6AF83678000000F6 /* manager Sources */ = {
			isa = PBXSourcesBuildPhase;
			buildActionMask = 2147483647;
			files = (
				6AF8000F6AF8367800000098 /* manager.c in Sources */,
			);
			runOnlyForDeploymentPostprocessing = 0;
		};
		6AF8000F6AF83678000000FA /* makerom Sources */ = {
			isa = PBXSourcesBuildPhase;
			buildActionMask = 2147483647;
			files = (
				6AF8000F6AF836780000009A /* makerom.c in Sources */,
			);
			runOnlyForDeploymentPostprocessing = 0;
		};
		6AF8000F6AF83678000000FE /* chargen Sources */ = {
			isa = PBXSourcesBuildPhase;
			buildActionMask = 2147483647;
			files = (
				6AF8000F6AF836780000009C /* charGen.c in Sources */,
			);
			runOnlyForDeploymentPostprocessing = 0;
		};
/* End PBXSourcesBuildPhase section */

/* Begin PBXTargetDependency section */
		6AF8000F6AF83678000000E4 /* PBXTargetDependency benchMpr depends on libmpr */ = {
			isa = PBXTargetDependency;
			target = 6AF8000F6AF83678000000A8 /* libmpr */;
			targetProxy = 6AF8000F6AF83678000000A7 /* PBXContainerItemProxy */;
		};
		6AF8000F6AF83678000000E5 /* PBXTargetDependency benchMpr depends on Prep */ = {
			isa = PBXTargetDependency;
			target = 6AF8000F6AF8367800000010 /* Prep */;
			targetProxy = 6AF8000F6AF83678000000A9 /* PBXContainerItemProxy */;
		};
		6AF8000F6AF83678000000E8 /* PBXTargetDependency runProgram depends on Prep */ = {
			isa = PBXTargetDependency;
			target = 6AF8000F6AF8367800000010 /* Prep */;
			targetProxy = 6AF8000F6AF83678000000AA /* PBXContainerItemProxy */;
		};
		6AF8000F6AF83678000000EB /* PBXTargetDependency testMpr depends on libmpr */ = {
			isa = PBXTargetDependency;
			target = 6AF8000F6AF83678000000A8 /* libmpr */;
			targetProxy = 6AF8000F6AF83678000000AB /* PBXContainerItemProxy */;
		};
		6AF8000F6AF83678000000EC /* PBXTargetDependency testMpr depends on libmprssl */ = {
			isa = PBXTargetDependency;
			target = 6AF8000F6AF83678000000AD /* libmprssl */;
			targetProxy = 6AF8000F6AF83678000000AC /* PBXContainerItemProxy */;
		};
		6AF8000F6AF83678000000ED /* PBXTargetDependency testMpr depends on runProgram */ = {
			isa = PBXTargetDependency;
			target = 6AF8000F6AF83678000000AF /* runProgram */;
			targetProxy = 6AF8000F6AF83678000000AE /* PBXContainerItemProxy */;
		};
		6AF8000F6AF83678000000EE /* PBXTargetDependency testMpr depends on Prep */ = {
			isa = PBXTargetDependency;
			target = 6AF8000F6AF8367800000010 /* Prep */;
			targetProxy = 6AF8000F6AF83678000000B0 /* PBXContainerItemProxy */;
		};
		6AF8000F6AF83678000000F1 /* PBXTargetDependency libmpr depends on Prep */ = {
			isa = PBXTargetDependency;
			target = 6AF8000F6AF8367800000010 /* Prep */;
			targetProxy = 6AF8000F6AF83678000000B1 /* PBXContainerItemProxy */;
		};
		6AF8000F6AF83678000000F4 /* PBXTargetDependency libmprssl depends on libmpr */ = {
			isa = PBXTargetDependency;
			target = 6AF8000F6AF83678000000A8 /* libmpr */;
			targetProxy = 6AF8000F6AF83678000000B2 /* PBXContainerItemProxy */;
		};
		6AF8000F6AF83678000000F5 /* PBXTargetDependency libmprssl depends on Prep */ = {
			isa = PBXTargetDependency;
			target = 6AF8000F6AF8367800000010 /* Prep */;
			targetProxy = 6AF8000F6AF83678000000B3 /* PBXContainerItemProxy */;
		};
		6AF8000F6AF83678000000F8 /* PBXTargetDependency manager depends on libmpr */ = {
			isa = PBXTargetDependency;
			target = 6AF8000F6AF83678000000A8 /* libmpr */;
			targetProxy = 6AF8000F6AF83678000000B4 /* PBXContainerItemProxy */;
		};
		6AF8000F6AF83678000000F9 /* PBXTargetDependency manager depends on Prep */ = {
			isa = PBXTargetDependency;
			target = 6AF8000F6AF8367800000010 /* Prep */;
			targetProxy = 6AF8000F6AF83678000000B5 /* PBXContainerItemProxy */;
		};
		6AF8000F6AF83678000000FC /* PBXTargetDependency makerom depends on libmpr */ = {
			isa = PBXTargetDependency;
			target = 6AF8000F6AF83678000000A8 /* libmpr */;
			targetProxy = 6AF8000F6AF83678000000B6 /* PBXContainerItemProxy */;
		};
		6AF8000F6AF83678000000FD /* PBXTargetDependency makerom depends on Prep */ = {
			isa = PBXTargetDependency;
			target = 6AF8000F6AF8367800000010 /* Prep */;
			targetProxy = 6AF8000F6AF83678000000B7 /* PBXContainerItemProxy */;
		};
		6AF8000F6AF8367800000100 /* PBXTargetDependency chargen depends on libmpr */ = {
			isa = PBXTargetDependency;
			target = 6AF8000F6AF83678000000A8 /* libmpr */;
			targetProxy = 6AF8000F6AF83678000000B8 /* PBXContainerItemProxy */;
		};
		6AF8000F6AF8367800000101 /* PBXTargetDependency chargen depends on Prep */ = {
			isa = PBXTargetDependency;
			target = 6AF8000F6AF8367800000010 /* Prep */;
			targetProxy = 6AF8000F6AF83678000000B9 /* PBXContainerItemProxy */;
		};
		6AF8000F6AF8367800000007 /* PBXTargetDependency All depends on benchMpr */ = {
			isa = PBXTargetDependency;
			target = 6AF8000F6AF83678000000BB /* benchMpr */;
			targetProxy = 6AF8000F6AF83678000000BA /* PBXContainerItemProxy */;
		};
		6AF8000F6AF8367800000008 /* PBXTargetDependency All depends on runProgram */ = {
			isa = PBXTargetDependency;
			target = 6AF8000F6AF83678000000AF /* runProgram */;
			targetProxy = 6AF8000F6AF83678000000BC /* PBXContainerItemProxy */;
		};
		6AF8000F6AF8367800000009 /* PBXTargetDependency All depends on testMpr */ = {
			isa = PBXTargetDependency;
			target = 6AF8000F6AF83678000000BE /* testMpr */;
			targetProxy = 6AF8000F6AF83678000000BD /* PBXContainerItemProxy */;
		};
		6AF8000F6AF836780000000A /* PBXTargetDependency All depends on libmpr */ = {
			isa = PBXTargetDependency;
			target = 6AF8000F6AF83678000000A8 /* libmpr */;
			targetProxy = 6AF8000F6AF83678000000BF /* PBXContainerItemProxy */;
		};
		6AF8000F6AF836780000000B /* PBXTargetDependency All depends on libmprssl */ = {
			isa = PBXTargetDependency;
			target = 6AF8000F6AF83678000000AD /* libmprssl */;
			targetProxy = 6AF8000F6AF83678000000C0 /* PBXContainerItemProxy */;
		};
		6AF8000F6AF836780000000C /* PBXTargetDependency All depends on manager */ = {
			isa = PBXTargetDependency;
			target = 6AF8000F6AF83678000000C2 /* manager */;
			targetProxy = 6AF8000F6AF83678000000C1 /* PBXContainerItemProxy */;
		};
		6AF8000F6AF836780000000D /* PBXTargetDependency All depends on makerom */ = {
			isa = PBXTargetDependency;
			target = 6AF8000F6AF83678000000C4 /* makerom */;
			targetProxy = 6AF8000F6AF83678000000C3 /* PBXContainerItemProxy */;
		};
		6AF8000F6AF836780000000E /* PBXTargetDependency All depends on chargen */ = {
			isa = PBXTargetDependency;
			target = 6AF8000F6AF83678000000C6 /* chargen */;
			targetProxy = 6AF8000F6AF83678000000C5 /* PBXContainerItemProxy */;
		};
/* End PBXTargetDependency section */

/* Begin XCBuildConfiguration section */
		6AF8000F6AF8367800000003 /* Debug */ = {
			isa = XCBuildConfiguration;
			buildSettings = {

                /* Common Settings */
				ALWAYS_SEARCH_USER_PATHS = NO;
				ARCHS = "$(ARCHS_STANDARD_64_BIT)";
                CURRENT_PROJECT_VERSION = 4.3.0;
                DYLIB_COMPATIBILITY_VERSION = "$(CURRENT_PROJECT_VERSION)";
                DYLIB_CURRENT_VERSION = "$(CURRENT_PROJECT_VERSION)";
				GCC_C_LANGUAGE_STANDARD = gnu99;
				GCC_VERSION = com.apple.compilers.llvm.clang.1_0;
				GCC_WARN_ABOUT_RETURN_TYPE = YES;
                LD_DYLIB_INSTALL_NAME = "@rpath/$(EXECUTABLE_PATH)";
				MACOSX_DEPLOYMENT_TARGET = 10.7;
				SDKROOT = macosx;

                CFG_DIR = "../macosx-x64-xcode";
                BIN_DIR = "../macosx-x64-xcode/bin";
                LIB_DIR = "../macosx-x64-xcode/bin";
                INC_DIR = "../macosx-x64-xcode/inc";
                OBJ_DIR = "../macosx-x64-xcode/obj";
                SRC_DIR = "..";

                CONFIGURATION_TEMP_DIR = "$(OBJ_DIR)/tmp/$(CONFIGURATION)";
                CONFIGURATION_BUILD_DIR = "$(BIN_DIR)";
                INSTALL_PATH = "/usr/lib/mpr";
                DSTROOT = "/tmp/mpr.dst";
                OBJROOT = "$(OBJ_DIR)";
                SYMROOT = "$(BIN_DIR)";
				GCC_WARN_64_TO_32_BIT_CONVERSION = YES;
				GCC_WARN_64_TO_32_BIT_CONVERSION = YES;
				GCC_WARN_UNUSED_VARIABLE = NO;
				GCC_WARN_UNUSED_FUNCTION = NO;
				GCC_WARN_UNUSED_LABEL = NO;
				GCC_WARN_64_TO_32_BIT_CONVERSION = YES;
				GCC_WARN_64_TO_32_BIT_CONVERSION = YES;
				GCC_WARN_UNUSED_VARIABLE = NO;
				GCC_WARN_UNUSED_FUNCTION = NO;
				GCC_WARN_UNUSED_LABEL = NO;

                /* Debug Settings */
				COPY_PHASE_STRIP = NO;
				GCC_OPTIMIZATION_LEVEL = 0;
				GCC_SYMBOLS_PRIVATE_EXTERN = NO;
				HEADER_SEARCH_PATHS = (
					"../macosx-x64-xcode/inc",
					"$(inherited)"
				);
				GCC_PREPROCESSOR_DEFINITIONS = (
					"BIT_DEBUG",
					"$(inherited)"
				);
				LIBRARY_SEARCH_PATHS = (
					"../macosx-x64-xcode/bin",
					"$(inherited)"
				);
				OTHER_LDFLAGS = (
					"-Wl,-rpath,@executable_path/",
					"-Wl,-rpath,@loader_path/",
					"-lpthread",
					"-lm",
					"-ldl",
					"$(inherited)"
				);

			};
			name = Debug;
		};
		6AF8000F6AF8367800000004 /* Release */ = {
			isa = XCBuildConfiguration;
			buildSettings = {

                /* Common Settings */
				ALWAYS_SEARCH_USER_PATHS = NO;
				ARCHS = "$(ARCHS_STANDARD_64_BIT)";
                CURRENT_PROJECT_VERSION = 4.3.0;
                DYLIB_COMPATIBILITY_VERSION = "$(CURRENT_PROJECT_VERSION)";
                DYLIB_CURRENT_VERSION = "$(CURRENT_PROJECT_VERSION)";
				GCC_C_LANGUAGE_STANDARD = gnu99;
				GCC_VERSION = com.apple.compilers.llvm.clang.1_0;
				GCC_WARN_ABOUT_RETURN_TYPE = YES;
                LD_DYLIB_INSTALL_NAME = "@rpath/$(EXECUTABLE_PATH)";
				MACOSX_DEPLOYMENT_TARGET = 10.7;
				SDKROOT = macosx;

                CFG_DIR = "../macosx-x64-xcode";
                BIN_DIR = "../macosx-x64-xcode/bin";
                LIB_DIR = "../macosx-x64-xcode/bin";
                INC_DIR = "../macosx-x64-xcode/inc";
                OBJ_DIR = "../macosx-x64-xcode/obj";
                SRC_DIR = "..";

                CONFIGURATION_TEMP_DIR = "$(OBJ_DIR)/tmp/$(CONFIGURATION)";
                CONFIGURATION_BUILD_DIR = "$(BIN_DIR)";
                INSTALL_PATH = "/usr/lib/mpr";
                DSTROOT = "/tmp/mpr.dst";
                OBJROOT = "$(OBJ_DIR)";
                SYMROOT = "$(BIN_DIR)";
				GCC_WARN_64_TO_32_BIT_CONVERSION = YES;
				GCC_WARN_64_TO_32_BIT_CONVERSION = YES;
				GCC_WARN_UNUSED_VARIABLE = NO;
				GCC_WARN_UNUSED_FUNCTION = NO;
				GCC_WARN_UNUSED_LABEL = NO;
				GCC_WARN_64_TO_32_BIT_CONVERSION = YES;
				GCC_WARN_64_TO_32_BIT_CONVERSION = YES;
				GCC_WARN_UNUSED_VARIABLE = NO;
				GCC_WARN_UNUSED_FUNCTION = NO;
				GCC_WARN_UNUSED_LABEL = NO;

                /* Release Settings */
				COPY_PHASE_STRIP = YES;
				DEBUG_INFORMATION_FORMAT = "dwarf-with-dsym";
				GCC_OPTIMIZATION_LEVEL = s;
                GCC_WARN_UNINITIALIZED_AUTOS = NO;
				HEADER_SEARCH_PATHS = (
					"../macosx-x64-xcode/inc",
					"$(inherited)"
				);

				LIBRARY_SEARCH_PATHS = (
					"../macosx-x64-xcode/bin",
					"$(inherited)"
				);
				OTHER_LDFLAGS = (
					"-Wl,-rpath,@executable_path/",
					"-Wl,-rpath,@loader_path/",
					"-lpthread",
					"-lm",
					"-ldl",
					"$(inherited)"
				);

			};
			name = Release;
		};
		6AF8000F6AF8367800000102 /* Debug */ = {
			isa = XCBuildConfiguration;
			buildSettings = {
				PRODUCT_NAME = benchMpr;

				GCC_PREPROCESSOR_DEFINITIONS = (
					"BIT_DEBUG",
					"$(inherited)"
				);
			};
			name = Debug;
		};
		6AF8000F6AF8367800000103 /* Release */ = {
			isa = XCBuildConfiguration;
			buildSettings = {
				PRODUCT_NAME = benchMpr;


			};
			name = Release;
		};
		6AF8000F6AF8367800000104 /* Debug */ = {
			isa = XCBuildConfiguration;
			buildSettings = {
				PRODUCT_NAME = runProgram;

				GCC_PREPROCESSOR_DEFINITIONS = (
					"BIT_DEBUG",
					"$(inherited)"
				);
			};
			name = Debug;
		};
		6AF8000F6AF8367800000105 /* Release */ = {
			isa = XCBuildConfiguration;
			buildSettings = {
				PRODUCT_NAME = runProgram;


			};
			name = Release;
		};
		6AF8000F6AF8367800000106 /* Debug */ = {
			isa = XCBuildConfiguration;
			buildSettings = {
				PRODUCT_NAME = testMpr;

				GCC_PREPROCESSOR_DEFINITIONS = (
					"BIT_DEBUG",
					"$(inherited)"
				);
			};
			name = Debug;
		};
		6AF8000F6AF8367800000107 /* Release */ = {
			isa = XCBuildConfiguration;
			buildSettings = {
				PRODUCT_NAME = testMpr;


			};
			name = Release;
		};
		6AF8000F6AF8367800000108 /* Debug */ = {
			isa = XCBuildConfiguration;
			buildSettings = {
				PRODUCT_NAME = libmpr;

				GCC_PREPROCESSOR_DEFINITIONS = (
					"BIT_DEBUG",
					"$(inherited)"
				);
			};
			name = Debug;
		};
		6AF8000F6AF8367800000109 /* Release */ = {
			isa = XCBuildConfiguration;
			buildSettings = {
				PRODUCT_NAME = libmpr;


			};
			name = Release;
		};
		6AF8000F6AF836780000010A /* Debug */ = {
			isa = XCBuildConfiguration;
			buildSettings = {
				PRODUCT_NAME = libmprssl;

				GCC_PREPROCESSOR_DEFINITIONS = (
					"BIT_DEBUG",
					"$(inherited)"
				);
			};
			name = Debug;
		};
		6AF8000F6AF836780000010B /* Release */ = {
			isa = XCBuildConfiguration;
			buildSettings = {
				PRODUCT_NAME = libmprssl;


			};
			name = Release;
		};
		6AF8000F6AF836780000010C /* Debug */ = {
			isa = XCBuildConfiguration;
			buildSettings = {
				PRODUCT_NAME = manager;

				GCC_PREPROCESSOR_DEFINITIONS = (
					"BIT_DEBUG",
					"$(inherited)"
				);
			};
			name = Debug;
		};
		6AF8000F6AF836780000010D /* Release */ = {
			isa = XCBuildConfiguration;
			buildSettings = {
				PRODUCT_NAME = manager;


			};
			name = Release;
		};
		6AF8000F6AF836780000010E /* Debug */ = {
			isa = XCBuildConfiguration;
			buildSettings = {
				PRODUCT_NAME = makerom;

				GCC_PREPROCESSOR_DEFINITIONS = (
					"BIT_DEBUG",
					"$(inherited)"
				);
			};
			name = Debug;
		};
		6AF8000F6AF836780000010F /* Release */ = {
			isa = XCBuildConfiguration;
			buildSettings = {
				PRODUCT_NAME = makerom;


			};
			name = Release;
		};
		6AF8000F6AF8367800000110 /* Debug */ = {
			isa = XCBuildConfiguration;
			buildSettings = {
				PRODUCT_NAME = chargen;

				GCC_PREPROCESSOR_DEFINITIONS = (
					"BIT_DEBUG",
					"$(inherited)"
				);
			};
			name = Debug;
		};
		6AF8000F6AF8367800000111 /* Release */ = {
			isa = XCBuildConfiguration;
			buildSettings = {
				PRODUCT_NAME = chargen;


			};
			name = Release;
		};
		6AF8000F6AF8367800000112 /* Debug */ = {
			isa = XCBuildConfiguration;
			buildSettings = {
				PRODUCT_NAME = All;

				GCC_PREPROCESSOR_DEFINITIONS = (
					"BIT_DEBUG",
					"$(inherited)"
				);
			};
			name = Debug;
		};
		6AF8000F6AF8367800000113 /* Release */ = {
			isa = XCBuildConfiguration;
			buildSettings = {
				PRODUCT_NAME = All;


			};
			name = Release;
		};
		6AF8000F6AF8367800000114 /* Debug */ = {
			isa = XCBuildConfiguration;
			buildSettings = {
				PRODUCT_NAME = Prep;

				GCC_PREPROCESSOR_DEFINITIONS = (
					"BIT_DEBUG",
					"$(inherited)"
				);
			};
			name = Debug;
		};
		6AF8000F6AF8367800000115 /* Release */ = {
			isa = XCBuildConfiguration;
			buildSettings = {
				PRODUCT_NAME = Prep;


			};
			name = Release;
		};
/* End XCBuildConfiguration section */

/* Begin XCConfigurationList section */
		6AF8000F6AF8367800000002 /* Build configuration list for PBXProject "mpr" */ = {
			isa = XCConfigurationList;
			buildConfigurations = (
				6AF8000F6AF8367800000003 /* Debug */,
				6AF8000F6AF8367800000004 /* Release */,
			);
			defaultConfigurationIsVisible = 0;
			defaultConfigurationName = Release;
		};
		6AF8000F6AF83678000000E3 /* Build configuration list for PBXNativeTarget "benchMpr" */ = {
			isa = XCConfigurationList;
			buildConfigurations = (
				6AF8000F6AF8367800000102 /* Debug */,
				6AF8000F6AF8367800000103 /* Release */,
			);
			defaultConfigurationIsVisible = 0;
			defaultConfigurationName = Release;
		};
		6AF8000F6AF83678000000E7 /* Build configuration list for PBXNativeTarget "runProgram" */ = {
			isa = XCConfigurationList;
			buildConfigurations = (
				6AF8000F6AF8367800000104 /* Debug */,
				6AF8000F6AF8367800000105 /* Release */,
			);
			defaultConfigurationIsVisible = 0;
			defaultConfigurationName = Release;
		};
		6AF8000F6AF83678000000EA /* Build configuration list for PBXNativeTarget "testMpr" */ = {
			isa = XCConfigurationList;
			buildConfigurations = (
				6AF8000F6AF8367800000106 /* Debug */,
				6AF8000F6AF8367800000107 /* Release */,
			);
			defaultConfigurationIsVisible = 0;
			defaultConfigurationName = Release;
		};
		6AF8000F6AF83678000000F0 /* Build configuration list for PBXNativeTarget "libmpr" */ = {
			isa = XCConfigurationList;
			buildConfigurations = (
				6AF8000F6AF8367800000108 /* Debug */,
				6AF8000F6AF8367800000109 /* Release */,
			);
			defaultConfigurationIsVisible = 0;
			defaultConfigurationName = Release;
		};
		6AF8000F6AF83678000000F3 /* Build configuration list for PBXNativeTarget "libmprssl" */ = {
			isa = XCConfigurationList;
			buildConfigurations = (
				6AF8000F6AF836780000010A /* Debug */,
				6AF8000F6AF836780000010B /* Release */,
			);
			defaultConfigurationIsVisible = 0;
			defaultConfigurationName = Release;
		};
		6AF8000F6AF83678000000F7 /* Build configuration list for PBXNativeTarget "manager" */ = {
			isa = XCConfigurationList;
			buildConfigurations = (
				6AF8000F6AF836780000010C /* Debug */,
				6AF8000F6AF836780000010D /* Release */,
			);
			defaultConfigurationIsVisible = 0;
			defaultConfigurationName = Release;
		};
		6AF8000F6AF83678000000FB /* Build configuration list for PBXNativeTarget "makerom" */ = {
			isa = XCConfigurationList;
			buildConfigurations = (
				6AF8000F6AF836780000010E /* Debug */,
				6AF8000F6AF836780000010F /* Release */,
			);
			defaultConfigurationIsVisible = 0;
			defaultConfigurationName = Release;
		};
		6AF8000F6AF83678000000FF /* Build configuration list for PBXNativeTarget "chargen" */ = {
			isa = XCConfigurationList;
			buildConfigurations = (
				6AF8000F6AF8367800000110 /* Debug */,
				6AF8000F6AF8367800000111 /* Release */,
			);
			defaultConfigurationIsVisible = 0;
			defaultConfigurationName = Release;
		};
		6AF8000F6AF8367800000005 /* Build configuration list for PBXNativeTarget "All" */ = {
			isa = XCConfigurationList;
			buildConfigurations = (
				6AF8000F6AF8367800000112 /* Debug */,
				6AF8000F6AF8367800000113 /* Release */,
			);
			defaultConfigurationIsVisible = 0;
			defaultConfigurationName = Release;
		};
		6AF8000F6AF836780000000F /* Build configuration list for PBXNativeTarget "Prep" */ = {
			isa = XCConfigurationList;
			buildConfigurations = (
				6AF8000F6AF8367800000114 /* Debug */,
				6AF8000F6AF8367800000115 /* Release */,
			);
			defaultConfigurationIsVisible = 0;
			defaultConfigurationName = Release;
		};
/* End XCConfigurationList section */
	};
	rootObject = 6AF8000F6AF8367800000001 /* Project object */;
}
